
Microsoft Visual Studio Solution File, Format Version 11.00
# Visual Studio 2010
Project("{FAE04EC0-301F-11D3-BF4B-00C04F79EFBC}") = "Witcher2SaveEditor", "Witcher2SaveEditor\Witcher2SaveEditor.csproj", "{DD6774A9-4281-470F-98A1-BFC3A2BBF7BD}"
EndProject
Project("{FAE04EC0-301F-11D3-BF4B-00C04F79EFBC}") = "Formats", "SaveFormat\Formats.csproj", "{F9D96296-C448-4A95-80D5-03AD1295C751}"
EndProject
Project("{FAE04EC0-301F-11D3-BF4B-00C04F79EFBC}") = "SimpleLauncher", "SimpleLauncher\SimpleLauncher.csproj", "{72123EEF-8100-4A77-8BFC-A4BB27FBA323}"
EndProject
Global
	GlobalSection(SolutionConfigurationPlatforms) = preSolution
		Debug|Any CPU = Debug|Any CPU
		Release|Any CPU = Release|Any CPU
	EndGlobalSection
	GlobalSection(ProjectConfigurationPlatforms) = postSolution
		{DD6774A9-4281-470F-98A1-BFC3A2BBF7BD}.Debug|Any CPU.ActiveCfg = Debug|Any CPU
		{DD6774A9-4281-470F-98A1-BFC3A2BBF7BD}.Debug|Any CPU.Build.0 = Debug|Any CPU
		{DD6774A9-4281-470F-98A1-BFC3A2BBF7BD}.Release|Any CPU.ActiveCfg = Release|Any CPU
		{F9D96296-C448-4A95-80D5-03AD1295C751}.Debug|Any CPU.ActiveCfg = Debug|Any CPU
		{F9D96296-C448-4A95-80D5-03AD1295C751}.Debug|Any CPU.Build.0 = Debug|Any CPU
		{F9D96296-C448-4A95-80D5-03AD1295C751}.Release|Any CPU.ActiveCfg = Release|Any CPU
		{F9D96296-C448-4A95-80D5-03AD1295C751}.Release|Any CPU.Build.0 = Release|Any CPU
		{72123EEF-8100-4A77-8BFC-A4BB27FBA323}.Debug|Any CPU.ActiveCfg = Debug|Any CPU
		{72123EEF-8100-4A77-8BFC-A4BB27FBA323}.Debug|Any CPU.Build.0 = Debug|Any CPU
		{72123EEF-8100-4A77-8BFC-A4BB27FBA323}.Release|Any CPU.ActiveCfg = Release|Any CPU
		{72123EEF-8100-4A77-8BFC-A4BB27FBA323}.Release|Any CPU.Build.0 = Release|Any CPU
	EndGlobalSection
	GlobalSection(SolutionProperties) = preSolution
		HideSolutionNode = FALSE
	EndGlobalSection
EndGlobal
